{
  "version": 2,
  "dependencies": {
    "net10.0": {
      "Microsoft.CodeAnalysis.PublicApiAnalyzers": {
        "type": "Direct",
        "requested": "[5.6.0, )",
        "resolved": "5.6.0",
        "contentHash": "W4kJGezNIKLzo0Ak5FAQDFvkMf2U7DtGL4THmHyRSApfKsKt5V+eX/bU0ZLKAt/uf9Bb2o1bi0YDKj/GRB/vYQ=="
      },
      "Microsoft.SourceLink.GitHub": {
        "type": "Direct",
        "requested": "[10.0.400, )",
        "resolved": "10.0.400",
        "contentHash": "N1Ut0+EmMb2Tma9spHxAgpCspkln4gst1RWYc1PYPn8LA4KJWDSiggKpE183lfR98TNG2C+XnJ71zSYtuCSsqA==",
        "dependencies": {
          "Microsoft.Build.Tasks.Git": "10.0.400",
          "Microsoft.SourceLink.Common": "10.0.400",
          "System.IO.Hashing": "10.0.11"
        }
      },
      "Microsoft.Build.Tasks.Git": {
        "type": "Transitive",
        "resolved": "10.0.400",
        "contentHash": "uXJ/eBDqAo9HlyPjvvvynjHb59KXQWG9txpBzyI1drO6MV3Lhndt2yhxuMKvIga4kND2UKc3xCNXlXBhWU8Hlg==",
        "dependencies": {
          "System.IO.Hashing": "10.0.11"
        }
      },
      "Microsoft.EntityFrameworkCore.Abstractions": {
        "type": "Transitive",
        "resolved": "10.0.4",
        "contentHash": "qDcJqCfN1XYyX0ID/Hd9/kQTRvlia8S+Yuwyl9uFhBIKnOCbl9WMdGQCzbZUKbkpkfvf3P9CDdXsnxHyE3O0Aw=="
      },
      "Microsoft.EntityFrameworkCore.Analyzers": {
        "type": "Transitive",
        "resolved": "10.0.4",
        "contentHash": "pQeMHCyD3yTtCEGnHV4VsgKUvrESo3MR5mnh8sgQ1hWYmI1YFsUutDowBIxkobeWRtaRmBqQAtF7XQFW6FWuNA=="
      },
      "Microsoft.SourceLink.Common": {
        "type": "Transitive",
        "resolved": "10.0.400",
        "contentHash": "Knli3Y2k/rdBqUlQ8TP+Sbd0J0jV/0kvgLsxieowoVayioZ0JGfqb9go+/dQJqtU53i6IpZzRxAPxbBT5UJBNg=="
      },
      "OpenTelemetry.Api": {
        "type": "Transitive",
        "resolved": "1.18.0",
        "contentHash": "Dhzm5oughIY9EWckt2J1yXcEbXpki5WCL2q7prJoYxzH6C7jdkfGtPMTkUVZZ4AhjJKzQnlC+kLSIlmIVwC4Vw=="
      },
      "OpenTelemetry.Api.ProviderBuilderExtensions": {
        "type": "Transitive",
        "resolved": "1.18.0",
        "contentHash": "io6A6PJFp3vIObRGf6oPjdHsdglkinXt/0SpTDJHrVnsLxUtOzwh/QwTsnhBJ43wJ6QcGMkyNzsSSY8XEB1Q5Q==",
        "dependencies": {
          "OpenTelemetry.Api": "1.18.0"
        }
      },
      "System.IO.Hashing": {
        "type": "Transitive",
        "resolved": "10.0.11",
        "contentHash": "OzKDcIRkeNJeC8qAsbn8yJXnfTLP1dtkWILe+T56Gf/z+IkAASi7sMqLqJQat08j5z/mRN5xVtoAwbkMNMoBUQ=="
      },
      "eventloom": {
        "type": "Project"
      },
      "eventloom.entityframeworkcore": {
        "type": "Project",
        "dependencies": {
          "EventLoom": "[0.1.0-alpha.0, )",
          "Microsoft.EntityFrameworkCore": "[10.0.4, )",
          "Microsoft.EntityFrameworkCore.Relational": "[10.0.4, )"
        }
      },
      "eventloom.hosting": {
        "type": "Project",
        "dependencies": {
          "EventLoom.EntityFrameworkCore": "[0.1.0-alpha.0, )",
          "OpenTelemetry": "[1.18.0, )"
        }
      },
      "Microsoft.EntityFrameworkCore": {
        "type": "CentralTransitive",
        "requested": "[10.0.4, )",
        "resolved": "10.0.4",
        "contentHash": "kzTsfFK2GCytp6DDTfQOmxPU4gbGdrIlP7PxrxF3ESNLtfXrC8BoUVZENBN2WORlZPAD7CVX6AYIglgkpXQooA==",
        "dependencies": {
          "Microsoft.EntityFrameworkCore.Abstractions": "10.0.4",
          "Microsoft.EntityFrameworkCore.Analyzers": "10.0.4"
        }
      },
      "Microsoft.EntityFrameworkCore.Relational": {
        "type": "CentralTransitive",
        "requested": "[10.0.4, )",
        "resolved": "10.0.4",
        "contentHash": "DOTjTHy93W3TwpMLM4SCm0n57Sc0Jj3+m2S6LSTstKyBB34eT1UouaMS19mpWwvtj42+sRiEjA3+rOTNoNzXFQ==",
        "dependencies": {
          "Microsoft.EntityFrameworkCore": "10.0.4"
        }
      },
      "OpenTelemetry": {
        "type": "CentralTransitive",
        "requested": "[1.18.0, )",
        "resolved": "1.18.0",
        "contentHash": "13AKxycK+olOLe061MjliPTNBR/DUkjyRr0b9zwUhKyMjFS8lXS7G31R85rkbM55up2YFmdykWdAw2giBDJpiQ==",
        "dependencies": {
          "OpenTelemetry.Api.ProviderBuilderExtensions": "1.18.0"
        }
      }
    }
  }
}