<Solution>
  <Folder Name="/src/">
    <Project Path="src/EventLoom.EntityFrameworkCore.PostgreSql/EventLoom.EntityFrameworkCore.PostgreSql.csproj" />
    <Project Path="src/EventLoom.EntityFrameworkCore.Sqlite/EventLoom.EntityFrameworkCore.Sqlite.csproj" />
    <Project Path="src/EventLoom.EntityFrameworkCore/EventLoom.EntityFrameworkCore.csproj" />
    <Project Path="src/EventLoom.Hosting/EventLoom.Hosting.csproj" />
    <Project Path="src/EventLoom.OpenTelemetry/EventLoom.OpenTelemetry.csproj" />
    <Project Path="src/EventLoom.Testing/EventLoom.Testing.csproj" />
    <Project Path="src/EventLoom/EventLoom.csproj" />
  </Folder>
  <Folder Name="/tests/">
    <Project Path="tests/EventLoom.UnitTests/EventLoom.UnitTests.csproj" />
  </Folder>
</Solution>
